
Microsoft Visual Studio Solution File, Format Version 12.00
# Visual Studio 15
VisualStudioVersion = 15.0.26730.16
MinimumVisualStudioVersion = 10.0.40219.1
Project("{FAE04EC0-301F-11D3-BF4B-00C04F79EFBC}") = "LabNumber2", "LabNumber2\LabNumber2.csproj", "{C64852EA-ACD7-4EA7-9FCE-64CA67EA2894}"
EndProject
Global
	GlobalSection(SolutionConfigurationPlatforms) = preSolution
		Debug|Any CPU = Debug|Any CPU
		Release|Any CPU = Release|Any CPU
	EndGlobalSection
	GlobalSection(ProjectConfigurationPlatforms) = postSolution
		{C64852EA-ACD7-4EA7-9FCE-64CA67EA2894}.Debug|Any CPU.ActiveCfg = Debug|Any CPU
		{C64852EA-ACD7-4EA7-9FCE-64CA67EA2894}.Debug|Any CPU.Build.0 = Debug|Any CPU
		{C64852EA-ACD7-4EA7-9FCE-64CA67EA2894}.Release|Any CPU.ActiveCfg = Release|Any CPU
		{C64852EA-ACD7-4EA7-9FCE-64CA67EA2894}.Release|Any CPU.Build.0 = Release|Any CPU
	EndGlobalSection
	GlobalSection(SolutionProperties) = preSolution
		HideSolutionNode = FALSE
	EndGlobalSection
	GlobalSection(ExtensibilityGlobals) = postSolution
		SolutionGuid = {A8D378B7-C6B1-433B-9C84-279733D3B136}
	EndGlobalSection
EndGlobal
